
Microsoft Visual Studio Solution File, Format Version 12.00
# Visual Studio 14
VisualStudioVersion = 14.0.25420.1
MinimumVisualStudioVersion = 10.0.40219.1
Project("{FAE04EC0-301F-11D3-BF4B-00C04F79EFBC}") = "NSDtoNodeset", "NSDtoNodeset.csproj", "{721A52D9-7FB6-4DCB-9A14-36FE98C38321}"
EndProject
Global
	GlobalSection(SolutionConfigurationPlatforms) = preSolution
		Debug|Any CPU = Debug|Any CPU
		Release|Any CPU = Release|Any CPU
	EndGlobalSection
	GlobalSection(ProjectConfigurationPlatforms) = postSolution
		{721A52D9-7FB6-4DCB-9A14-36FE98C38321}.Debug|Any CPU.ActiveCfg = Debug|Any CPU
		{721A52D9-7FB6-4DCB-9A14-36FE98C38321}.Debug|Any CPU.Build.0 = Debug|Any CPU
		{721A52D9-7FB6-4DCB-9A14-36FE98C38321}.Release|Any CPU.ActiveCfg = Release|Any CPU
		{721A52D9-7FB6-4DCB-9A14-36FE98C38321}.Release|Any CPU.Build.0 = Release|Any CPU
	EndGlobalSection
	GlobalSection(SolutionProperties) = preSolution
		HideSolutionNode = FALSE
	EndGlobalSection
EndGlobal
